
Microsoft Visual Studio Solution File, Format Version 12.00
# Visual Studio Version 17
VisualStudioVersion = 17.11.35219.272
MinimumVisualStudioVersion = 10.0.40219.1
Project("{FAE04EC0-301F-11D3-BF4B-00C04F79EFBC}") = "Luatrauma.AutoUpdater", "Luatrauma.AutoUpdater\Luatrauma.AutoUpdater.csproj", "{83994A8B-B5C1-4C9F-BAB7-C08933BDADD2}"
EndProject
Global
	GlobalSection(SolutionConfigurationPlatforms) = preSolution
		Debug|Any CPU = Debug|Any CPU
		Release|Any CPU = Release|Any CPU
	EndGlobalSection
	GlobalSection(ProjectConfigurationPlatforms) = postSolution
		{83994A8B-B5C1-4C9F-BAB7-C08933BDADD2}.Debug|Any CPU.ActiveCfg = Debug|Any CPU
		{83994A8B-B5C1-4C9F-BAB7-C08933BDADD2}.Debug|Any CPU.Build.0 = Debug|Any CPU
		{83994A8B-B5C1-4C9F-BAB7-C08933BDADD2}.Release|Any CPU.ActiveCfg = Release|Any CPU
		{83994A8B-B5C1-4C9F-BAB7-C08933BDADD2}.Release|Any CPU.Build.0 = Release|Any CPU
	EndGlobalSection
	GlobalSection(SolutionProperties) = preSolution
		HideSolutionNode = FALSE
	EndGlobalSection
	GlobalSection(ExtensibilityGlobals) = postSolution
		SolutionGuid = {FC765D38-BECE-4FE0-9D88-3CC5F4DBDF02}
	EndGlobalSection
EndGlobal
